{
  "name": "turing-complete-toolbox",
  "lockfileVersion": 3,
  "requires": true,
  "packages": {
    "": {
      "name": "turing-complete-toolbox",
      "hasInstallScript": true,
      "devDependencies": {
        "isa-toolkit": "github:RomainMichau/isa-toolkit#v1.0.0"
      }
    },
    "node_modules/isa-toolkit": {
      "version": "1.0.0",
      "resolved": "git+ssh://git@github.com/RomainMichau/isa-toolkit.git#acbbc365e1707057a28bc75281ec4e4682975b8c",
      "dev": true
    }
  }
}
