{
  "name": "turing-complete-toolbox",
  "lockfileVersion": 3,
  "requires": true,
  "packages": {
    "": {
      "name": "turing-complete-toolbox",
      "hasInstallScript": true,
      "devDependencies": {
        "isa-toolkit": "git+https://github.com/RomainMichau/isa-toolkit.git#v1.5.1"
      }
    },
    "node_modules/isa-toolkit": {
      "version": "1.5.1",
      "resolved": "git+ssh://git@github.com/RomainMichau/isa-toolkit.git#67e30e05da0c16e7db01f7ab4cde05916835a63f",
      "dev": true
    }
  }
}
