{
  "name": "turing-complete-toolbox",
  "lockfileVersion": 3,
  "requires": true,
  "packages": {
    "": {
      "name": "turing-complete-toolbox",
      "hasInstallScript": true,
      "devDependencies": {
        "isa-toolkit": "git+https://github.com/RomainMichau/isa-toolkit.git#v1.2.0"
      }
    },
    "node_modules/isa-toolkit": {
      "version": "1.2.0",
      "resolved": "git+ssh://git@github.com/RomainMichau/isa-toolkit.git#c48b2db6d515e0ce357603e5e38ab846d256dd9e",
      "dev": true
    }
  }
}
